
Microsoft Visual Studio Solution File, Format Version 12.00
# Visual Studio Version 16
VisualStudioVersion = 16.0.32228.343
MinimumVisualStudioVersion = 10.0.40219.1
Project("{9A19103F-16F7-4668-BE54-9A1E7A4F7556}") = "Import", "Import\Import.csproj", "{1DFEBE7A-FE29-4A91-894E-4D1EE7AF5DF3}"
EndProject
Project("{FAE04EC0-301F-11D3-BF4B-00C04F79EFBC}") = "Exam", "Exam\Exam.csproj", "{0D38D6EF-42A4-489D-BB3A-613F72240B25}"
EndProject
Global
	GlobalSection(SolutionConfigurationPlatforms) = preSolution
		Debug|Any CPU = Debug|Any CPU
		Release|Any CPU = Release|Any CPU
	EndGlobalSection
	GlobalSection(ProjectConfigurationPlatforms) = postSolution
		{1DFEBE7A-FE29-4A91-894E-4D1EE7AF5DF3}.Debug|Any CPU.ActiveCfg = Debug|Any CPU
		{1DFEBE7A-FE29-4A91-894E-4D1EE7AF5DF3}.Debug|Any CPU.Build.0 = Debug|Any CPU
		{1DFEBE7A-FE29-4A91-894E-4D1EE7AF5DF3}.Release|Any CPU.ActiveCfg = Release|Any CPU
		{1DFEBE7A-FE29-4A91-894E-4D1EE7AF5DF3}.Release|Any CPU.Build.0 = Release|Any CPU
		{0D38D6EF-42A4-489D-BB3A-613F72240B25}.Debug|Any CPU.ActiveCfg = Debug|Any CPU
		{0D38D6EF-42A4-489D-BB3A-613F72240B25}.Debug|Any CPU.Build.0 = Debug|Any CPU
		{0D38D6EF-42A4-489D-BB3A-613F72240B25}.Release|Any CPU.ActiveCfg = Release|Any CPU
		{0D38D6EF-42A4-489D-BB3A-613F72240B25}.Release|Any CPU.Build.0 = Release|Any CPU
	EndGlobalSection
	GlobalSection(SolutionProperties) = preSolution
		HideSolutionNode = FALSE
	EndGlobalSection
	GlobalSection(ExtensibilityGlobals) = postSolution
		SolutionGuid = {5D336075-F308-419B-8B62-0D213ACC441A}
	EndGlobalSection
EndGlobal
